
Microsoft Visual Studio Solution File, Format Version 12.00
# Visual Studio Version 16
VisualStudioVersion = 16.0.31702.278
MinimumVisualStudioVersion = 10.0.40219.1
Project("{FAE04EC0-301F-11D3-BF4B-00C04F79EFBC}") = "Clinica_Dental", "Clinica_Dental\Clinica_Dental.csproj", "{2DFAA732-61BD-42E4-BBDE-0CE377500875}"
EndProject
Global
	GlobalSection(SolutionConfigurationPlatforms) = preSolution
		Debug|Any CPU = Debug|Any CPU
		Release|Any CPU = Release|Any CPU
	EndGlobalSection
	GlobalSection(ProjectConfigurationPlatforms) = postSolution
		{2DFAA732-61BD-42E4-BBDE-0CE377500875}.Debug|Any CPU.ActiveCfg = Debug|Any CPU
		{2DFAA732-61BD-42E4-BBDE-0CE377500875}.Debug|Any CPU.Build.0 = Debug|Any CPU
		{2DFAA732-61BD-42E4-BBDE-0CE377500875}.Release|Any CPU.ActiveCfg = Release|Any CPU
		{2DFAA732-61BD-42E4-BBDE-0CE377500875}.Release|Any CPU.Build.0 = Release|Any CPU
	EndGlobalSection
	GlobalSection(SolutionProperties) = preSolution
		HideSolutionNode = FALSE
	EndGlobalSection
	GlobalSection(ExtensibilityGlobals) = postSolution
		SolutionGuid = {7D57838C-FD88-4783-9B07-A7E7EFEBFF10}
	EndGlobalSection
EndGlobal
